// !$*UTF8*$!
{
	archiveVersion = 1;
	classes = {
	};
	objectVersion = 56;
	objects = {

/* Begin PBXBuildFile section */
		3F2647182BE6E278005D4817 /* CustomRecordingCell.xib in Resources */ = {isa = PBXBuildFile; fileRef = 3F2647172BE6E278005D4817 /* CustomRecordingCell.xib */; };
		3F26471A2BE6E2A0005D4817 /* CustomRecordingCell.swift in Sources */ = {isa = PBXBuildFile; fileRef = 3F2647192BE6E2A0005D4817 /* CustomRecordingCell.swift */; };
		3F3331372BB912040069CD36 /* theory-rx-medicate-official-video-128-ytshorts.savetube.me-Music.mp3 in Resources */ = {isa = PBXBuildFile; fileRef = 3F3331362BB912040069CD36 /* theory-rx-medicate-official-video-128-ytshorts.savetube.me-Music.mp3 */; };
		3F40BF352BB8B03200056415 /* SelectedSongViewController.swift in Sources */ = {isa = PBXBuildFile; fileRef = 3F40BF342BB8B03200056415 /* SelectedSongViewController.swift */; };
		3F40BF372BB8EBDA00056415 /* SongStructure.swift in Sources */ = {isa = PBXBuildFile; fileRef = 3F40BF362BB8EBDA00056415 /* SongStructure.swift */; };
		3FA84D702BA60F3500BF9DD5 /* AppDelegate.swift in Sources */ = {isa = PBXBuildFile; fileRef = 3FA84D6F2BA60F3500BF9DD5 /* AppDelegate.swift */; };
		3FA84D722BA60F3500BF9DD5 /* SceneDelegate.swift in Sources */ = {isa = PBXBuildFile; fileRef = 3FA84D712BA60F3500BF9DD5 /* SceneDelegate.swift */; };
		3FA84D742BA60F3500BF9DD5 /* ViewController.swift in Sources */ = {isa = PBXBuildFile; fileRef = 3FA84D732BA60F3500BF9DD5 /* ViewController.swift */; };
		3FA84D772BA60F3500BF9DD5 /* Main.storyboard in Resources */ = {isa = PBXBuildFile; fileRef = 3FA84D752BA60F3500BF9DD5 /* Main.storyboard */; };
		3FA84D7A2BA60F3500BF9DD5 /* Karaoke.xcdatamodeld in Sources */ = {isa = PBXBuildFile; fileRef = 3FA84D782BA60F3500BF9DD5 /* Karaoke.xcdatamodeld */; };
		3FA84D7C2BA60F3700BF9DD5 /* Assets.xcassets in Resources */ = {isa = PBXBuildFile; fileRef = 3FA84D7B2BA60F3700BF9DD5 /* Assets.xcassets */; };
		3FA84D7F2BA60F3700BF9DD5 /* LaunchScreen.storyboard in Resources */ = {isa = PBXBuildFile; fileRef = 3FA84D7D2BA60F3700BF9DD5 /* LaunchScreen.storyboard */; };
		3FA84D8A2BA60F3700BF9DD5 /* KaraokeTests.swift in Sources */ = {isa = PBXBuildFile; fileRef = 3FA84D892BA60F3700BF9DD5 /* KaraokeTests.swift */; };
		3FA84D942BA60F3700BF9DD5 /* KaraokeUITests.swift in Sources */ = {isa = PBXBuildFile; fileRef = 3FA84D932BA60F3700BF9DD5 /* KaraokeUITests.swift */; };
		3FA84D962BA60F3700BF9DD5 /* KaraokeUITestsLaunchTests.swift in Sources */ = {isa = PBXBuildFile; fileRef = 3FA84D952BA60F3700BF9DD5 /* KaraokeUITestsLaunchTests.swift */; };
		3FA84DA92BA63A5500BF9DD5 /* FavoritesViewController.swift in Sources */ = {isa = PBXBuildFile; fileRef = 3FA84DA72BA63A5000BF9DD5 /* FavoritesViewController.swift */; };
		3FA84DAC2BA63AD300BF9DD5 /* RecordingsViewController.swift in Sources */ = {isa = PBXBuildFile; fileRef = 3FA84DAA2BA63ACF00BF9DD5 /* RecordingsViewController.swift */; };
		3FA84DAF2BA63B1800BF9DD5 /* SettingsViewController.swift in Sources */ = {isa = PBXBuildFile; fileRef = 3FA84DAD2BA63B1500BF9DD5 /* SettingsViewController.swift */; };
		3FABCC292BB861C900248CB1 /* CustomCell.swift in Sources */ = {isa = PBXBuildFile; fileRef = 3FABCC282BB861C900248CB1 /* CustomCell.swift */; };
		3FABCC2C2BB8728A00248CB1 /* CustomCell.xib in Resources */ = {isa = PBXBuildFile; fileRef = 3FABCC2B2BB8728A00248CB1 /* CustomCell.xib */; };
		3FD11A542BB9B3D500FC94FA /* drowning-pool-bodies-128-ytshorts.savetube.me_Instrumental.mp3 in Resources */ = {isa = PBXBuildFile; fileRef = 3FD11A532BB9B3D500FC94FA /* drowning-pool-bodies-128-ytshorts.savetube.me_Instrumental.mp3 */; };
		3FD11A562BB9B53B00FC94FA /* shinedown-dead-don-t-die-official-video-128-ytshorts.savetube.me_Instrumental.mp3 in Resources */ = {isa = PBXBuildFile; fileRef = 3FD11A552BB9B53B00FC94FA /* shinedown-dead-don-t-die-official-video-128-ytshorts.savetube.me_Instrumental.mp3 */; };
		3FD11A582BB9B67C00FC94FA /* bad-wolves-zombie-official-video-128-ytshorts.savetube.me_Instrumental.mp3 in Resources */ = {isa = PBXBuildFile; fileRef = 3FD11A572BB9B67C00FC94FA /* bad-wolves-zombie-official-video-128-ytshorts.savetube.me_Instrumental.mp3 */; };
		3FD11A5A2BB9B76E00FC94FA /* three-days-grace-animal-i-have-become-128-ytshorts.savetube.me_Instrumental.mp3 in Resources */ = {isa = PBXBuildFile; fileRef = 3FD11A592BB9B76E00FC94FA /* three-days-grace-animal-i-have-become-128-ytshorts.savetube.me_Instrumental.mp3 */; };
		3FD11A5C2BB9B85000FC94FA /* five-finger-death-punch-the-pride-official-audio-128-ytshorts.savetube.me_Instrumental.mp3 in Resources */ = {isa = PBXBuildFile; fileRef = 3FD11A5B2BB9B85000FC94FA /* five-finger-death-punch-the-pride-official-audio-128-ytshorts.savetube.me_Instrumental.mp3 */; };
		3FE6D5B32BA64C3800B8AC76 /* DrawerPresentationController.swift in Sources */ = {isa = PBXBuildFile; fileRef = 3FE6D5B22BA64C3800B8AC76 /* DrawerPresentationController.swift */; };
		3FE6D5B52BA64C4400B8AC76 /* DrawerSlideAnimation.swift in Sources */ = {isa = PBXBuildFile; fileRef = 3FE6D5B42BA64C4400B8AC76 /* DrawerSlideAnimation.swift */; };
		3FE6D5B72BA64C4C00B8AC76 /* DrawerTransitionManager.swift in Sources */ = {isa = PBXBuildFile; fileRef = 3FE6D5B62BA64C4C00B8AC76 /* DrawerTransitionManager.swift */; };
		3FE6D5B92BA64C5A00B8AC76 /* DrawerMenuViewController.swift in Sources */ = {isa = PBXBuildFile; fileRef = 3FE6D5B82BA64C5A00B8AC76 /* DrawerMenuViewController.swift */; };
		3FE6D5BD2BA64F1700B8AC76 /* DrawerMenuViewController.xib in Resources */ = {isa = PBXBuildFile; fileRef = 3FE6D5BC2BA64F1700B8AC76 /* DrawerMenuViewController.xib */; };
/* End PBXBuildFile section */

/* Begin PBXContainerItemProxy section */
		3FA84D862BA60F3700BF9DD5 /* PBXContainerItemProxy */ = {
			isa = PBXContainerItemProxy;
			containerPortal = 3FA84D642BA60F3500BF9DD5 /* Project object */;
			proxyType = 1;
			remoteGlobalIDString = 3FA84D6B2BA60F3500BF9DD5;
			remoteInfo = Karaoke;
		};
		3FA84D902BA60F3700BF9DD5 /* PBXContainerItemProxy */ = {
			isa = PBXContainerItemProxy;
			containerPortal = 3FA84D642BA60F3500BF9DD5 /* Project object */;
			proxyType = 1;
			remoteGlobalIDString = 3FA84D6B2BA60F3500BF9DD5;
			remoteInfo = Karaoke;
		};
/* End PBXContainerItemProxy section */

/* Begin PBXFileReference section */
		3F2647172BE6E278005D4817 /* CustomRecordingCell.xib */ = {isa = PBXFileReference; lastKnownFileType = file.xib; path = CustomRecordingCell.xib; sourceTree = "<group>"; };
		3F2647192BE6E2A0005D4817 /* CustomRecordingCell.swift */ = {isa = PBXFileReference; lastKnownFileType = sourcecode.swift; path = CustomRecordingCell.swift; sourceTree = "<group>"; };
		3F3331362BB912040069CD36 /* theory-rx-medicate-official-video-128-ytshorts.savetube.me-Music.mp3 */ = {isa = PBXFileReference; lastKnownFileType = audio.mp3; path = "theory-rx-medicate-official-video-128-ytshorts.savetube.me-Music.mp3"; sourceTree = "<group>"; };
		3F40BF342BB8B03200056415 /* SelectedSongViewController.swift */ = {isa = PBXFileReference; lastKnownFileType = sourcecode.swift; path = SelectedSongViewController.swift; sourceTree = "<group>"; };
		3F40BF362BB8EBDA00056415 /* SongStructure.swift */ = {isa = PBXFileReference; lastKnownFileType = sourcecode.swift; path = SongStructure.swift; sourceTree = "<group>"; };
		3FA84D6C2BA60F3500BF9DD5 /* Karaoke.app */ = {isa = PBXFileReference; explicitFileType = wrapper.application; includeInIndex = 0; path = Karaoke.app; sourceTree = BUILT_PRODUCTS_DIR; };
		3FA84D6F2BA60F3500BF9DD5 /* AppDelegate.swift */ = {isa = PBXFileReference; lastKnownFileType = sourcecode.swift; path = AppDelegate.swift; sourceTree = "<group>"; };
		3FA84D712BA60F3500BF9DD5 /* SceneDelegate.swift */ = {isa = PBXFileReference; lastKnownFileType = sourcecode.swift; path = SceneDelegate.swift; sourceTree = "<group>"; };
		3FA84D732BA60F3500BF9DD5 /* ViewController.swift */ = {isa = PBXFileReference; lastKnownFileType = sourcecode.swift; path = ViewController.swift; sourceTree = "<group>"; };
		3FA84D762BA60F3500BF9DD5 /* Base */ = {isa = PBXFileReference; lastKnownFileType = file.storyboard; name = Base; path = Base.lproj/Main.storyboard; sourceTree = "<group>"; };
		3FA84D792BA60F3500BF9DD5 /* Karaoke.xcdatamodel */ = {isa = PBXFileReference; lastKnownFileType = wrapper.xcdatamodel; path = Karaoke.xcdatamodel; sourceTree = "<group>"; };
		3FA84D7B2BA60F3700BF9DD5 /* Assets.xcassets */ = {isa = PBXFileReference; lastKnownFileType = folder.assetcatalog; path = Assets.xcassets; sourceTree = "<group>"; };
		3FA84D7E2BA60F3700BF9DD5 /* Base */ = {isa = PBXFileReference; lastKnownFileType = file.storyboard; name = Base; path = Base.lproj/LaunchScreen.storyboard; sourceTree = "<group>"; };
		3FA84D802BA60F3700BF9DD5 /* Info.plist */ = {isa = PBXFileReference; lastKnownFileType = text.plist.xml; path = Info.plist; sourceTree = "<group>"; };
		3FA84D852BA60F3700BF9DD5 /* KaraokeTests.xctest */ = {isa = PBXFileReference; explicitFileType = wrapper.cfbundle; includeInIndex = 0; path = KaraokeTests.xctest; sourceTree = BUILT_PRODUCTS_DIR; };
		3FA84D892BA60F3700BF9DD5 /* KaraokeTests.swift */ = {isa = PBXFileReference; lastKnownFileType = sourcecode.swift; path = KaraokeTests.swift; sourceTree = "<group>"; };
		3FA84D8F2BA60F3700BF9DD5 /* KaraokeUITests.xctest */ = {isa = PBXFileReference; explicitFileType = wrapper.cfbundle; includeInIndex = 0; path = KaraokeUITests.xctest; sourceTree = BUILT_PRODUCTS_DIR; };
		3FA84D932BA60F3700BF9DD5 /* KaraokeUITests.swift */ = {isa = PBXFileReference; lastKnownFileType = sourcecode.swift; path = KaraokeUITests.swift; sourceTree = "<group>"; };
		3FA84D952BA60F3700BF9DD5 /* KaraokeUITestsLaunchTests.swift */ = {isa = PBXFileReference; lastKnownFileType = sourcecode.swift; path = KaraokeUITestsLaunchTests.swift; sourceTree = "<group>"; };
		3FA84DA72BA63A5000BF9DD5 /* FavoritesViewController.swift */ = {isa = PBXFileReference; lastKnownFileType = sourcecode.swift; name = FavoritesViewController.swift; path = Karaoke/ViewControllers/FavoritesViewController.swift; sourceTree = SOURCE_ROOT; };
		3FA84DAA2BA63ACF00BF9DD5 /* RecordingsViewController.swift */ = {isa = PBXFileReference; lastKnownFileType = sourcecode.swift; path = RecordingsViewController.swift; sourceTree = "<group>"; };
		3FA84DAD2BA63B1500BF9DD5 /* SettingsViewController.swift */ = {isa = PBXFileReference; lastKnownFileType = sourcecode.swift; path = SettingsViewController.swift; sourceTree = "<group>"; };
		3FABCC282BB861C900248CB1 /* CustomCell.swift */ = {isa = PBXFileReference; lastKnownFileType = sourcecode.swift; path = CustomCell.swift; sourceTree = "<group>"; };
		3FABCC2B2BB8728A00248CB1 /* CustomCell.xib */ = {isa = PBXFileReference; lastKnownFileType = file.xib; path = CustomCell.xib; sourceTree = "<group>"; };
		3FD11A532BB9B3D500FC94FA /* drowning-pool-bodies-128-ytshorts.savetube.me_Instrumental.mp3 */ = {isa = PBXFileReference; lastKnownFileType = audio.mp3; path = "drowning-pool-bodies-128-ytshorts.savetube.me_Instrumental.mp3"; sourceTree = "<group>"; };
		3FD11A552BB9B53B00FC94FA /* shinedown-dead-don-t-die-official-video-128-ytshorts.savetube.me_Instrumental.mp3 */ = {isa = PBXFileReference; lastKnownFileType = audio.mp3; path = "shinedown-dead-don-t-die-official-video-128-ytshorts.savetube.me_Instrumental.mp3"; sourceTree = "<group>"; };
		3FD11A572BB9B67C00FC94FA /* bad-wolves-zombie-official-video-128-ytshorts.savetube.me_Instrumental.mp3 */ = {isa = PBXFileReference; lastKnownFileType = audio.mp3; path = "bad-wolves-zombie-official-video-128-ytshorts.savetube.me_Instrumental.mp3"; sourceTree = "<group>"; };
		3FD11A592BB9B76E00FC94FA /* three-days-grace-animal-i-have-become-128-ytshorts.savetube.me_Instrumental.mp3 */ = {isa = PBXFileReference; lastKnownFileType = audio.mp3; path = "three-days-grace-animal-i-have-become-128-ytshorts.savetube.me_Instrumental.mp3"; sourceTree = "<group>"; };
		3FD11A5B2BB9B85000FC94FA /* five-finger-death-punch-the-pride-official-audio-128-ytshorts.savetube.me_Instrumental.mp3 */ = {isa = PBXFileReference; lastKnownFileType = audio.mp3; path = "five-finger-death-punch-the-pride-official-audio-128-ytshorts.savetube.me_Instrumental.mp3"; sourceTree = "<group>"; };
		3FE6D5B22BA64C3800B8AC76 /* DrawerPresentationController.swift */ = {isa = PBXFileReference; fileEncoding = 4; lastKnownFileType = sourcecode.swift; path = DrawerPresentationController.swift; sourceTree = "<group>"; };
		3FE6D5B42BA64C4400B8AC76 /* DrawerSlideAnimation.swift */ = {isa = PBXFileReference; fileEncoding = 4; lastKnownFileType = sourcecode.swift; path = DrawerSlideAnimation.swift; sourceTree = "<group>"; };
		3FE6D5B62BA64C4C00B8AC76 /* DrawerTransitionManager.swift */ = {isa = PBXFileReference; fileEncoding = 4; lastKnownFileType = sourcecode.swift; path = DrawerTransitionManager.swift; sourceTree = "<group>"; };
		3FE6D5B82BA64C5A00B8AC76 /* DrawerMenuViewController.swift */ = {isa = PBXFileReference; fileEncoding = 4; lastKnownFileType = sourcecode.swift; path = DrawerMenuViewController.swift; sourceTree = "<group>"; };
		3FE6D5BC2BA64F1700B8AC76 /* DrawerMenuViewController.xib */ = {isa = PBXFileReference; fileEncoding = 4; lastKnownFileType = file.xib; path = DrawerMenuViewController.xib; sourceTree = "<group>"; };
/* End PBXFileReference section */

/* Begin PBXFrameworksBuildPhase section */
		3FA84D692BA60F3500BF9DD5 /* Frameworks */ = {
			isa = PBXFrameworksBuildPhase;
			buildActionMask = 2147483647;
			files = (
			);
			runOnlyForDeploymentPostprocessing = 0;
		};
		3FA84D822BA60F3700BF9DD5 /* Frameworks */ = {
			isa = PBXFrameworksBuildPhase;
			buildActionMask = 2147483647;
			files = (
			);
			runOnlyForDeploymentPostprocessing = 0;
		};
		3FA84D8C2BA60F3700BF9DD5 /* Frameworks */ = {
			isa = PBXFrameworksBuildPhase;
			buildActionMask = 2147483647;
			files = (
			);
			runOnlyForDeploymentPostprocessing = 0;
		};
/* End PBXFrameworksBuildPhase section */

/* Begin PBXGroup section */
		3F2647162BE6E249005D4817 /* CustomRecordingCell */ = {
			isa = PBXGroup;
			children = (
				3F2647172BE6E278005D4817 /* CustomRecordingCell.xib */,
				3F2647192BE6E2A0005D4817 /* CustomRecordingCell.swift */,
			);
			path = CustomRecordingCell;
			sourceTree = "<group>";
		};
		3F3331352BB911A50069CD36 /* SongsMusic */ = {
			isa = PBXGroup;
			children = (
				3F3331362BB912040069CD36 /* theory-rx-medicate-official-video-128-ytshorts.savetube.me-Music.mp3 */,
				3FD11A532BB9B3D500FC94FA /* drowning-pool-bodies-128-ytshorts.savetube.me_Instrumental.mp3 */,
				3FD11A552BB9B53B00FC94FA /* shinedown-dead-don-t-die-official-video-128-ytshorts.savetube.me_Instrumental.mp3 */,
				3FD11A572BB9B67C00FC94FA /* bad-wolves-zombie-official-video-128-ytshorts.savetube.me_Instrumental.mp3 */,
				3FD11A592BB9B76E00FC94FA /* three-days-grace-animal-i-have-become-128-ytshorts.savetube.me_Instrumental.mp3 */,
				3FD11A5B2BB9B85000FC94FA /* five-finger-death-punch-the-pride-official-audio-128-ytshorts.savetube.me_Instrumental.mp3 */,
			);
			path = SongsMusic;
			sourceTree = "<group>";
		};
		3FA84D632BA60F3500BF9DD5 = {
			isa = PBXGroup;
			children = (
				3FA84D6E2BA60F3500BF9DD5 /* Karaoke */,
				3FA84D882BA60F3700BF9DD5 /* KaraokeTests */,
				3FA84D922BA60F3700BF9DD5 /* KaraokeUITests */,
				3FA84D6D2BA60F3500BF9DD5 /* Products */,
			);
			sourceTree = "<group>";
		};
		3FA84D6D2BA60F3500BF9DD5 /* Products */ = {
			isa = PBXGroup;
			children = (
				3FA84D6C2BA60F3500BF9DD5 /* Karaoke.app */,
				3FA84D852BA60F3700BF9DD5 /* KaraokeTests.xctest */,
				3FA84D8F2BA60F3700BF9DD5 /* KaraokeUITests.xctest */,
			);
			name = Products;
			sourceTree = "<group>";
		};
		3FA84D6E2BA60F3500BF9DD5 /* Karaoke */ = {
			isa = PBXGroup;
			children = (
				3F2647162BE6E249005D4817 /* CustomRecordingCell */,
				3F40BF362BB8EBDA00056415 /* SongStructure.swift */,
				3FABCC2A2BB8724D00248CB1 /* CustomCell */,
				3FE6D5AF2BA64BC200B8AC76 /* DrawerMenu */,
				3F3331352BB911A50069CD36 /* SongsMusic */,
				3FA84DB02BA63B6000BF9DD5 /* ViewControllers */,
				3FA84D6F2BA60F3500BF9DD5 /* AppDelegate.swift */,
				3FA84D712BA60F3500BF9DD5 /* SceneDelegate.swift */,
				3FA84D752BA60F3500BF9DD5 /* Main.storyboard */,
				3FA84D7B2BA60F3700BF9DD5 /* Assets.xcassets */,
				3FA84D7D2BA60F3700BF9DD5 /* LaunchScreen.storyboard */,
				3FA84D802BA60F3700BF9DD5 /* Info.plist */,
				3FA84D782BA60F3500BF9DD5 /* Karaoke.xcdatamodeld */,
			);
			path = Karaoke;
			sourceTree = "<group>";
		};
		3FA84D882BA60F3700BF9DD5 /* KaraokeTests */ = {
			isa = PBXGroup;
			children = (
				3FA84D892BA60F3700BF9DD5 /* KaraokeTests.swift */,
			);
			path = KaraokeTests;
			sourceTree = "<group>";
		};
		3FA84D922BA60F3700BF9DD5 /* KaraokeUITests */ = {
			isa = PBXGroup;
			children = (
				3FA84D932BA60F3700BF9DD5 /* KaraokeUITests.swift */,
				3FA84D952BA60F3700BF9DD5 /* KaraokeUITestsLaunchTests.swift */,
			);
			path = KaraokeUITests;
			sourceTree = "<group>";
		};
		3FA84DB02BA63B6000BF9DD5 /* ViewControllers */ = {
			isa = PBXGroup;
			children = (
				3FA84D732BA60F3500BF9DD5 /* ViewController.swift */,
				3F40BF342BB8B03200056415 /* SelectedSongViewController.swift */,
				3FA84DA72BA63A5000BF9DD5 /* FavoritesViewController.swift */,
				3FA84DAA2BA63ACF00BF9DD5 /* RecordingsViewController.swift */,
				3FA84DAD2BA63B1500BF9DD5 /* SettingsViewController.swift */,
			);
			path = ViewControllers;
			sourceTree = "<group>";
		};
		3FABCC2A2BB8724D00248CB1 /* CustomCell */ = {
			isa = PBXGroup;
			children = (
				3FABCC282BB861C900248CB1 /* CustomCell.swift */,
				3FABCC2B2BB8728A00248CB1 /* CustomCell.xib */,
			);
			path = CustomCell;
			sourceTree = "<group>";
		};
		3FE6D5AF2BA64BC200B8AC76 /* DrawerMenu */ = {
			isa = PBXGroup;
			children = (
				3FE6D5B12BA64C0000B8AC76 /* DrawerTransitionManager */,
				3FE6D5B02BA64BDC00B8AC76 /* DrawerMenuController */,
			);
			path = DrawerMenu;
			sourceTree = "<group>";
		};
		3FE6D5B02BA64BDC00B8AC76 /* DrawerMenuController */ = {
			isa = PBXGroup;
			children = (
				3FE6D5B82BA64C5A00B8AC76 /* DrawerMenuViewController.swift */,
				3FE6D5BC2BA64F1700B8AC76 /* DrawerMenuViewController.xib */,
			);
			path = DrawerMenuController;
			sourceTree = "<group>";
		};
		3FE6D5B12BA64C0000B8AC76 /* DrawerTransitionManager */ = {
			isa = PBXGroup;
			children = (
				3FE6D5B22BA64C3800B8AC76 /* DrawerPresentationController.swift */,
				3FE6D5B42BA64C4400B8AC76 /* DrawerSlideAnimation.swift */,
				3FE6D5B62BA64C4C00B8AC76 /* DrawerTransitionManager.swift */,
			);
			path = DrawerTransitionManager;
			sourceTree = "<group>";
		};
/* End PBXGroup section */

/* Begin PBXNativeTarget section */
		3FA84D6B2BA60F3500BF9DD5 /* Karaoke */ = {
			isa = PBXNativeTarget;
			buildConfigurationList = 3FA84D992BA60F3700BF9DD5 /* Build configuration list for PBXNativeTarget "Karaoke" */;
			buildPhases = (
				3FA84D682BA60F3500BF9DD5 /* Sources */,
				3FA84D692BA60F3500BF9DD5 /* Frameworks */,
				3FA84D6A2BA60F3500BF9DD5 /* Resources */,
			);
			buildRules = (
			);
			dependencies = (
			);
			name = Karaoke;
			productName = Karaoke;
			productReference = 3FA84D6C2BA60F3500BF9DD5 /* Karaoke.app */;
			productType = "com.apple.product-type.application";
		};
		3FA84D842BA60F3700BF9DD5 /* KaraokeTests */ = {
			isa = PBXNativeTarget;
			buildConfigurationList = 3FA84D9C2BA60F3700BF9DD5 /* Build configuration list for PBXNativeTarget "KaraokeTests" */;
			buildPhases = (
				3FA84D812BA60F3700BF9DD5 /* Sources */,
				3FA84D822BA60F3700BF9DD5 /* Frameworks */,
				3FA84D832BA60F3700BF9DD5 /* Resources */,
			);
			buildRules = (
			);
			dependencies = (
				3FA84D872BA60F3700BF9DD5 /* PBXTargetDependency */,
			);
			name = KaraokeTests;
			productName = KaraokeTests;
			productReference = 3FA84D852BA60F3700BF9DD5 /* KaraokeTests.xctest */;
			productType = "com.apple.product-type.bundle.unit-test";
		};
		3FA84D8E2BA60F3700BF9DD5 /* KaraokeUITests */ = {
			isa = PBXNativeTarget;
			buildConfigurationList = 3FA84D9F2BA60F3700BF9DD5 /* Build configuration list for PBXNativeTarget "KaraokeUITests" */;
			buildPhases = (
				3FA84D8B2BA60F3700BF9DD5 /* Sources */,
				3FA84D8C2BA60F3700BF9DD5 /* Frameworks */,
				3FA84D8D2BA60F3700BF9DD5 /* Resources */,
			);
			buildRules = (
			);
			dependencies = (
				3FA84D912BA60F3700BF9DD5 /* PBXTargetDependency */,
			);
			name = KaraokeUITests;
			productName = KaraokeUITests;
			productReference = 3FA84D8F2BA60F3700BF9DD5 /* KaraokeUITests.xctest */;
			productType = "com.apple.product-type.bundle.ui-testing";
		};
/* End PBXNativeTarget section */

/* Begin PBXProject section */
		3FA84D642BA60F3500BF9DD5 /* Project object */ = {
			isa = PBXProject;
			attributes = {
				BuildIndependentTargetsInParallel = 1;
				LastSwiftUpdateCheck = 1420;
				LastUpgradeCheck = 1420;
				TargetAttributes = {
					3FA84D6B2BA60F3500BF9DD5 = {
						CreatedOnToolsVersion = 14.2;
					};
					3FA84D842BA60F3700BF9DD5 = {
						CreatedOnToolsVersion = 14.2;
						TestTargetID = 3FA84D6B2BA60F3500BF9DD5;
					};
					3FA84D8E2BA60F3700BF9DD5 = {
						CreatedOnToolsVersion = 14.2;
						TestTargetID = 3FA84D6B2BA60F3500BF9DD5;
					};
				};
			};
			buildConfigurationList = 3FA84D672BA60F3500BF9DD5 /* Build configuration list for PBXProject "Karaoke" */;
			compatibilityVersion = "Xcode 14.0";
			developmentRegion = en;
			hasScannedForEncodings = 0;
			knownRegions = (
				en,
				Base,
			);
			mainGroup = 3FA84D632BA60F3500BF9DD5;
			productRefGroup = 3FA84D6D2BA60F3500BF9DD5 /* Products */;
			projectDirPath = "";
			projectRoot = "";
			targets = (
				3FA84D6B2BA60F3500BF9DD5 /* Karaoke */,
				3FA84D842BA60F3700BF9DD5 /* KaraokeTests */,
				3FA84D8E2BA60F3700BF9DD5 /* KaraokeUITests */,
			);
		};
/* End PBXProject section */

/* Begin PBXResourcesBuildPhase section */
		3FA84D6A2BA60F3500BF9DD5 /* Resources */ = {
			isa = PBXResourcesBuildPhase;
			buildActionMask = 2147483647;
			files = (
				3FABCC2C2BB8728A00248CB1 /* CustomCell.xib in Resources */,
				3FD11A5C2BB9B85000FC94FA /* five-finger-death-punch-the-pride-official-audio-128-ytshorts.savetube.me_Instrumental.mp3 in Resources */,
				3FD11A542BB9B3D500FC94FA /* drowning-pool-bodies-128-ytshorts.savetube.me_Instrumental.mp3 in Resources */,
				3F3331372BB912040069CD36 /* theory-rx-medicate-official-video-128-ytshorts.savetube.me-Music.mp3 in Resources */,
				3FD11A582BB9B67C00FC94FA /* bad-wolves-zombie-official-video-128-ytshorts.savetube.me_Instrumental.mp3 in Resources */,
				3FA84D7F2BA60F3700BF9DD5 /* LaunchScreen.storyboard in Resources */,
				3FD11A5A2BB9B76E00FC94FA /* three-days-grace-animal-i-have-become-128-ytshorts.savetube.me_Instrumental.mp3 in Resources */,
				3FD11A562BB9B53B00FC94FA /* shinedown-dead-don-t-die-official-video-128-ytshorts.savetube.me_Instrumental.mp3 in Resources */,
				3F2647182BE6E278005D4817 /* CustomRecordingCell.xib in Resources */,
				3FA84D7C2BA60F3700BF9DD5 /* Assets.xcassets in Resources */,
				3FE6D5BD2BA64F1700B8AC76 /* DrawerMenuViewController.xib in Resources */,
				3FA84D772BA60F3500BF9DD5 /* Main.storyboard in Resources */,
			);
			runOnlyForDeploymentPostprocessing = 0;
		};
		3FA84D832BA60F3700BF9DD5 /* Resources */ = {
			isa = PBXResourcesBuildPhase;
			buildActionMask = 2147483647;
			files = (
			);
			runOnlyForDeploymentPostprocessing = 0;
		};
		3FA84D8D2BA60F3700BF9DD5 /* Resources */ = {
			isa = PBXResourcesBuildPhase;
			buildActionMask = 2147483647;
			files = (
			);
			runOnlyForDeploymentPostprocessing = 0;
		};
/* End PBXResourcesBuildPhase section */

/* Begin PBXSourcesBuildPhase section */
		3FA84D682BA60F3500BF9DD5 /* Sources */ = {
			isa = PBXSourcesBuildPhase;
			buildActionMask = 2147483647;
			files = (
				3FA84D742BA60F3500BF9DD5 /* ViewController.swift in Sources */,
				3FA84D702BA60F3500BF9DD5 /* AppDelegate.swift in Sources */,
				3FE6D5B32BA64C3800B8AC76 /* DrawerPresentationController.swift in Sources */,
				3FA84D7A2BA60F3500BF9DD5 /* Karaoke.xcdatamodeld in Sources */,
				3F40BF372BB8EBDA00056415 /* SongStructure.swift in Sources */,
				3F40BF352BB8B03200056415 /* SelectedSongViewController.swift in Sources */,
				3FE6D5B52BA64C4400B8AC76 /* DrawerSlideAnimation.swift in Sources */,
				3FA84DA92BA63A5500BF9DD5 /* FavoritesViewController.swift in Sources */,
				3FA84D722BA60F3500BF9DD5 /* SceneDelegate.swift in Sources */,
				3F26471A2BE6E2A0005D4817 /* CustomRecordingCell.swift in Sources */,
				3FA84DAC2BA63AD300BF9DD5 /* RecordingsViewController.swift in Sources */,
				3FA84DAF2BA63B1800BF9DD5 /* SettingsViewController.swift in Sources */,
				3FE6D5B92BA64C5A00B8AC76 /* DrawerMenuViewController.swift in Sources */,
				3FABCC292BB861C900248CB1 /* CustomCell.swift in Sources */,
				3FE6D5B72BA64C4C00B8AC76 /* DrawerTransitionManager.swift in Sources */,
			);
			runOnlyForDeploymentPostprocessing = 0;
		};
		3FA84D812BA60F3700BF9DD5 /* Sources */ = {
			isa = PBXSourcesBuildPhase;
			buildActionMask = 2147483647;
			files = (
				3FA84D8A2BA60F3700BF9DD5 /* KaraokeTests.swift in Sources */,
			);
			runOnlyForDeploymentPostprocessing = 0;
		};
		3FA84D8B2BA60F3700BF9DD5 /* Sources */ = {
			isa = PBXSourcesBuildPhase;
			buildActionMask = 2147483647;
			files = (
				3FA84D942BA60F3700BF9DD5 /* KaraokeUITests.swift in Sources */,
				3FA84D962BA60F3700BF9DD5 /* KaraokeUITestsLaunchTests.swift in Sources */,
			);
			runOnlyForDeploymentPostprocessing = 0;
		};
/* End PBXSourcesBuildPhase section */

/* Begin PBXTargetDependency section */
		3FA84D872BA60F3700BF9DD5 /* PBXTargetDependency */ = {
			isa = PBXTargetDependency;
			target = 3FA84D6B2BA60F3500BF9DD5 /* Karaoke */;
			targetProxy = 3FA84D862BA60F3700BF9DD5 /* PBXContainerItemProxy */;
		};
		3FA84D912BA60F3700BF9DD5 /* PBXTargetDependency */ = {
			isa = PBXTargetDependency;
			target = 3FA84D6B2BA60F3500BF9DD5 /* Karaoke */;
			targetProxy = 3FA84D902BA60F3700BF9DD5 /* PBXContainerItemProxy */;
		};
/* End PBXTargetDependency section */

/* Begin PBXVariantGroup section */
		3FA84D752BA60F3500BF9DD5 /* Main.storyboard */ = {
			isa = PBXVariantGroup;
			children = (
				3FA84D762BA60F3500BF9DD5 /* Base */,
			);
			name = Main.storyboard;
			sourceTree = "<group>";
		};
		3FA84D7D2BA60F3700BF9DD5 /* LaunchScreen.storyboard */ = {
			isa = PBXVariantGroup;
			children = (
				3FA84D7E2BA60F3700BF9DD5 /* Base */,
			);
			name = LaunchScreen.storyboard;
			sourceTree = "<group>";
		};
/* End PBXVariantGroup section */

/* Begin XCBuildConfiguration section */
		3FA84D972BA60F3700BF9DD5 /* Debug */ = {
			isa = XCBuildConfiguration;
			buildSettings = {
				ALWAYS_SEARCH_USER_PATHS = NO;
				CLANG_ANALYZER_NONNULL = YES;
				CLANG_ANALYZER_NUMBER_OBJECT_CONVERSION = YES_AGGRESSIVE;
				CLANG_CXX_LANGUAGE_STANDARD = "gnu++20";
				CLANG_ENABLE_MODULES = YES;
				CLANG_ENABLE_OBJC_ARC = YES;
				CLANG_ENABLE_OBJC_WEAK = YES;
				CLANG_WARN_BLOCK_CAPTURE_AUTORELEASING = YES;
				CLANG_WARN_BOOL_CONVERSION = YES;
				CLANG_WARN_COMMA = YES;
				CLANG_WARN_CONSTANT_CONVERSION = YES;
				CLANG_WARN_DEPRECATED_OBJC_IMPLEMENTATIONS = YES;
				CLANG_WARN_DIRECT_OBJC_ISA_USAGE = YES_ERROR;
				CLANG_WARN_DOCUMENTATION_COMMENTS = YES;
				CLANG_WARN_EMPTY_BODY = YES;
				CLANG_WARN_ENUM_CONVERSION = YES;
				CLANG_WARN_INFINITE_RECURSION = YES;
				CLANG_WARN_INT_CONVERSION = YES;
				CLANG_WARN_NON_LITERAL_NULL_CONVERSION = YES;
				CLANG_WARN_OBJC_IMPLICIT_RETAIN_SELF = YES;
				CLANG_WARN_OBJC_LITERAL_CONVERSION = YES;
				CLANG_WARN_OBJC_ROOT_CLASS = YES_ERROR;
				CLANG_WARN_QUOTED_INCLUDE_IN_FRAMEWORK_HEADER = YES;
				CLANG_WARN_RANGE_LOOP_ANALYSIS = YES;
				CLANG_WARN_STRICT_PROTOTYPES = YES;
				CLANG_WARN_SUSPICIOUS_MOVE = YES;
				CLANG_WARN_UNGUARDED_AVAILABILITY = YES_AGGRESSIVE;
				CLANG_WARN_UNREACHABLE_CODE = YES;
				CLANG_WARN__DUPLICATE_METHOD_MATCH = YES;
				COPY_PHASE_STRIP = NO;
				DEBUG_INFORMATION_FORMAT = dwarf;
				ENABLE_STRICT_OBJC_MSGSEND = YES;
				ENABLE_TESTABILITY = YES;
				GCC_C_LANGUAGE_STANDARD = gnu11;
				GCC_DYNAMIC_NO_PIC = NO;
				GCC_NO_COMMON_BLOCKS = YES;
				GCC_OPTIMIZATION_LEVEL = 0;
				GCC_PREPROCESSOR_DEFINITIONS = (
					"DEBUG=1",
					"$(inherited)",
				);
				GCC_WARN_64_TO_32_BIT_CONVERSION = YES;
				GCC_WARN_ABOUT_RETURN_TYPE = YES_ERROR;
				GCC_WARN_UNDECLARED_SELECTOR = YES;
				GCC_WARN_UNINITIALIZED_AUTOS = YES_AGGRESSIVE;
				GCC_WARN_UNUSED_FUNCTION = YES;
				GCC_WARN_UNUSED_VARIABLE = YES;
				IPHONEOS_DEPLOYMENT_TARGET = 16.2;
				MTL_ENABLE_DEBUG_INFO = INCLUDE_SOURCE;
				MTL_FAST_MATH = YES;
				ONLY_ACTIVE_ARCH = YES;
				SDKROOT = iphoneos;
				SWIFT_ACTIVE_COMPILATION_CONDITIONS = DEBUG;
				SWIFT_OPTIMIZATION_LEVEL = "-Onone";
			};
			name = Debug;
		};
		3FA84D982BA60F3700BF9DD5 /* Release */ = {
			isa = XCBuildConfiguration;
			buildSettings = {
				ALWAYS_SEARCH_USER_PATHS = NO;
				CLANG_ANALYZER_NONNULL = YES;
				CLANG_ANALYZER_NUMBER_OBJECT_CONVERSION = YES_AGGRESSIVE;
				CLANG_CXX_LANGUAGE_STANDARD = "gnu++20";
				CLANG_ENABLE_MODULES = YES;
				CLANG_ENABLE_OBJC_ARC = YES;
				CLANG_ENABLE_OBJC_WEAK = YES;
				CLANG_WARN_BLOCK_CAPTURE_AUTORELEASING = YES;
				CLANG_WARN_BOOL_CONVERSION = YES;
				CLANG_WARN_COMMA = YES;
				CLANG_WARN_CONSTANT_CONVERSION = YES;
				CLANG_WARN_DEPRECATED_OBJC_IMPLEMENTATIONS = YES;
				CLANG_WARN_DIRECT_OBJC_ISA_USAGE = YES_ERROR;
				CLANG_WARN_DOCUMENTATION_COMMENTS = YES;
				CLANG_WARN_EMPTY_BODY = YES;
				CLANG_WARN_ENUM_CONVERSION = YES;
				CLANG_WARN_INFINITE_RECURSION = YES;
				CLANG_WARN_INT_CONVERSION = YES;
				CLANG_WARN_NON_LITERAL_NULL_CONVERSION = YES;
				CLANG_WARN_OBJC_IMPLICIT_RETAIN_SELF = YES;
				CLANG_WARN_OBJC_LITERAL_CONVERSION = YES;
				CLANG_WARN_OBJC_ROOT_CLASS = YES_ERROR;
				CLANG_WARN_QUOTED_INCLUDE_IN_FRAMEWORK_HEADER = YES;
				CLANG_WARN_RANGE_LOOP_ANALYSIS = YES;
				CLANG_WARN_STRICT_PROTOTYPES = YES;
				CLANG_WARN_SUSPICIOUS_MOVE = YES;
				CLANG_WARN_UNGUARDED_AVAILABILITY = YES_AGGRESSIVE;
				CLANG_WARN_UNREACHABLE_CODE = YES;
				CLANG_WARN__DUPLICATE_METHOD_MATCH = YES;
				COPY_PHASE_STRIP = NO;
				DEBUG_INFORMATION_FORMAT = "dwarf-with-dsym";
				ENABLE_NS_ASSERTIONS = NO;
				ENABLE_STRICT_OBJC_MSGSEND = YES;
				GCC_C_LANGUAGE_STANDARD = gnu11;
				GCC_NO_COMMON_BLOCKS = YES;
				GCC_WARN_64_TO_32_BIT_CONVERSION = YES;
				GCC_WARN_ABOUT_RETURN_TYPE = YES_ERROR;
				GCC_WARN_UNDECLARED_SELECTOR = YES;
				GCC_WARN_UNINITIALIZED_AUTOS = YES_AGGRESSIVE;
				GCC_WARN_UNUSED_FUNCTION = YES;
				GCC_WARN_UNUSED_VARIABLE = YES;
				IPHONEOS_DEPLOYMENT_TARGET = 16.2;
				MTL_ENABLE_DEBUG_INFO = NO;
				MTL_FAST_MATH = YES;
				SDKROOT = iphoneos;
				SWIFT_COMPILATION_MODE = wholemodule;
				SWIFT_OPTIMIZATION_LEVEL = "-O";
				VALIDATE_PRODUCT = YES;
			};
			name = Release;
		};
		3FA84D9A2BA60F3700BF9DD5 /* Debug */ = {
			isa = XCBuildConfiguration;
			buildSettings = {
				ASSETCATALOG_COMPILER_APPICON_NAME = AppIcon;
				ASSETCATALOG_COMPILER_GLOBAL_ACCENT_COLOR_NAME = AccentColor;
				CODE_SIGN_STYLE = Automatic;
				CURRENT_PROJECT_VERSION = 1;
				GENERATE_INFOPLIST_FILE = YES;
				INFOPLIST_FILE = Karaoke/Info.plist;
				INFOPLIST_KEY_UIApplicationSupportsIndirectInputEvents = YES;
				INFOPLIST_KEY_UILaunchStoryboardName = LaunchScreen;
				INFOPLIST_KEY_UIMainStoryboardFile = Main;
				INFOPLIST_KEY_UISupportedInterfaceOrientations_iPad = "UIInterfaceOrientationPortrait UIInterfaceOrientationPortraitUpsideDown UIInterfaceOrientationLandscapeLeft UIInterfaceOrientationLandscapeRight";
				INFOPLIST_KEY_UISupportedInterfaceOrientations_iPhone = "UIInterfaceOrientationPortrait UIInterfaceOrientationLandscapeLeft UIInterfaceOrientationLandscapeRight";
				LD_RUNPATH_SEARCH_PATHS = (
					"$(inherited)",
					"@executable_path/Frameworks",
				);
				MARKETING_VERSION = 1.0;
				PRODUCT_BUNDLE_IDENTIFIER = "Daniel-Georgas.Karaoke";
				PRODUCT_NAME = "$(TARGET_NAME)";
				SWIFT_EMIT_LOC_STRINGS = YES;
				SWIFT_VERSION = 5.0;
				TARGETED_DEVICE_FAMILY = "1,2";
			};
			name = Debug;
		};
		3FA84D9B2BA60F3700BF9DD5 /* Release */ = {
			isa = XCBuildConfiguration;
			buildSettings = {
				ASSETCATALOG_COMPILER_APPICON_NAME = AppIcon;
				ASSETCATALOG_COMPILER_GLOBAL_ACCENT_COLOR_NAME = AccentColor;
				CODE_SIGN_STYLE = Automatic;
				CURRENT_PROJECT_VERSION = 1;
				GENERATE_INFOPLIST_FILE = YES;
				INFOPLIST_FILE = Karaoke/Info.plist;
				INFOPLIST_KEY_UIApplicationSupportsIndirectInputEvents = YES;
				INFOPLIST_KEY_UILaunchStoryboardName = LaunchScreen;
				INFOPLIST_KEY_UIMainStoryboardFile = Main;
				INFOPLIST_KEY_UISupportedInterfaceOrientations_iPad = "UIInterfaceOrientationPortrait UIInterfaceOrientationPortraitUpsideDown UIInterfaceOrientationLandscapeLeft UIInterfaceOrientationLandscapeRight";
				INFOPLIST_KEY_UISupportedInterfaceOrientations_iPhone = "UIInterfaceOrientationPortrait UIInterfaceOrientationLandscapeLeft UIInterfaceOrientationLandscapeRight";
				LD_RUNPATH_SEARCH_PATHS = (
					"$(inherited)",
					"@executable_path/Frameworks",
				);
				MARKETING_VERSION = 1.0;
				PRODUCT_BUNDLE_IDENTIFIER = "Daniel-Georgas.Karaoke";
				PRODUCT_NAME = "$(TARGET_NAME)";
				SWIFT_EMIT_LOC_STRINGS = YES;
				SWIFT_VERSION = 5.0;
				TARGETED_DEVICE_FAMILY = "1,2";
			};
			name = Release;
		};
		3FA84D9D2BA60F3700BF9DD5 /* Debug */ = {
			isa = XCBuildConfiguration;
			buildSettings = {
				ALWAYS_EMBED_SWIFT_STANDARD_LIBRARIES = YES;
				BUNDLE_LOADER = "$(TEST_HOST)";
				CODE_SIGN_STYLE = Automatic;
				CURRENT_PROJECT_VERSION = 1;
				GENERATE_INFOPLIST_FILE = YES;
				IPHONEOS_DEPLOYMENT_TARGET = 16.2;
				MARKETING_VERSION = 1.0;
				PRODUCT_BUNDLE_IDENTIFIER = "Daniel-Georgas.KaraokeTests";
				PRODUCT_NAME = "$(TARGET_NAME)";
				SWIFT_EMIT_LOC_STRINGS = NO;
				SWIFT_VERSION = 5.0;
				TARGETED_DEVICE_FAMILY = "1,2";
				TEST_HOST = "$(BUILT_PRODUCTS_DIR)/Karaoke.app/$(BUNDLE_EXECUTABLE_FOLDER_PATH)/Karaoke";
			};
			name = Debug;
		};
		3FA84D9E2BA60F3700BF9DD5 /* Release */ = {
			isa = XCBuildConfiguration;
			buildSettings = {
				ALWAYS_EMBED_SWIFT_STANDARD_LIBRARIES = YES;
				BUNDLE_LOADER = "$(TEST_HOST)";
				CODE_SIGN_STYLE = Automatic;
				CURRENT_PROJECT_VERSION = 1;
				GENERATE_INFOPLIST_FILE = YES;
				IPHONEOS_DEPLOYMENT_TARGET = 16.2;
				MARKETING_VERSION = 1.0;
				PRODUCT_BUNDLE_IDENTIFIER = "Daniel-Georgas.KaraokeTests";
				PRODUCT_NAME = "$(TARGET_NAME)";
				SWIFT_EMIT_LOC_STRINGS = NO;
				SWIFT_VERSION = 5.0;
				TARGETED_DEVICE_FAMILY = "1,2";
				TEST_HOST = "$(BUILT_PRODUCTS_DIR)/Karaoke.app/$(BUNDLE_EXECUTABLE_FOLDER_PATH)/Karaoke";
			};
			name = Release;
		};
		3FA84DA02BA60F3700BF9DD5 /* Debug */ = {
			isa = XCBuildConfiguration;
			buildSettings = {
				ALWAYS_EMBED_SWIFT_STANDARD_LIBRARIES = YES;
				CODE_SIGN_STYLE = Automatic;
				CURRENT_PROJECT_VERSION = 1;
				GENERATE_INFOPLIST_FILE = YES;
				MARKETING_VERSION = 1.0;
				PRODUCT_BUNDLE_IDENTIFIER = "Daniel-Georgas.KaraokeUITests";
				PRODUCT_NAME = "$(TARGET_NAME)";
				SWIFT_EMIT_LOC_STRINGS = NO;
				SWIFT_VERSION = 5.0;
				TARGETED_DEVICE_FAMILY = "1,2";
				TEST_TARGET_NAME = Karaoke;
			};
			name = Debug;
		};
		3FA84DA12BA60F3700BF9DD5 /* Release */ = {
			isa = XCBuildConfiguration;
			buildSettings = {
				ALWAYS_EMBED_SWIFT_STANDARD_LIBRARIES = YES;
				CODE_SIGN_STYLE = Automatic;
				CURRENT_PROJECT_VERSION = 1;
				GENERATE_INFOPLIST_FILE = YES;
				MARKETING_VERSION = 1.0;
				PRODUCT_BUNDLE_IDENTIFIER = "Daniel-Georgas.KaraokeUITests";
				PRODUCT_NAME = "$(TARGET_NAME)";
				SWIFT_EMIT_LOC_STRINGS = NO;
				SWIFT_VERSION = 5.0;
				TARGETED_DEVICE_FAMILY = "1,2";
				TEST_TARGET_NAME = Karaoke;
			};
			name = Release;
		};
/* End XCBuildConfiguration section */

/* Begin XCConfigurationList section */
		3FA84D672BA60F3500BF9DD5 /* Build configuration list for PBXProject "Karaoke" */ = {
			isa = XCConfigurationList;
			buildConfigurations = (
				3FA84D972BA60F3700BF9DD5 /* Debug */,
				3FA84D982BA60F3700BF9DD5 /* Release */,
			);
			defaultConfigurationIsVisible = 0;
			defaultConfigurationName = Release;
		};
		3FA84D992BA60F3700BF9DD5 /* Build configuration list for PBXNativeTarget "Karaoke" */ = {
			isa = XCConfigurationList;
			buildConfigurations = (
				3FA84D9A2BA60F3700BF9DD5 /* Debug */,
				3FA84D9B2BA60F3700BF9DD5 /* Release */,
			);
			defaultConfigurationIsVisible = 0;
			defaultConfigurationName = Release;
		};
		3FA84D9C2BA60F3700BF9DD5 /* Build configuration list for PBXNativeTarget "KaraokeTests" */ = {
			isa = XCConfigurationList;
			buildConfigurations = (
				3FA84D9D2BA60F3700BF9DD5 /* Debug */,
				3FA84D9E2BA60F3700BF9DD5 /* Release */,
			);
			defaultConfigurationIsVisible = 0;
			defaultConfigurationName = Release;
		};
		3FA84D9F2BA60F3700BF9DD5 /* Build configuration list for PBXNativeTarget "KaraokeUITests" */ = {
			isa = XCConfigurationList;
			buildConfigurations = (
				3FA84DA02BA60F3700BF9DD5 /* Debug */,
				3FA84DA12BA60F3700BF9DD5 /* Release */,
			);
			defaultConfigurationIsVisible = 0;
			defaultConfigurationName = Release;
		};
/* End XCConfigurationList section */

/* Begin XCVersionGroup section */
		3FA84D782BA60F3500BF9DD5 /* Karaoke.xcdatamodeld */ = {
			isa = XCVersionGroup;
			children = (
				3FA84D792BA60F3500BF9DD5 /* Karaoke.xcdatamodel */,
			);
			currentVersion = 3FA84D792BA60F3500BF9DD5 /* Karaoke.xcdatamodel */;
			path = Karaoke.xcdatamodeld;
			sourceTree = "<group>";
			versionGroupType = wrapper.xcdatamodel;
		};
/* End XCVersionGroup section */
	};
	rootObject = 3FA84D642BA60F3500BF9DD5 /* Project object */;
}
